
Microsoft Visual Studio Solution File, Format Version 12.00
# Visual Studio Version 17
VisualStudioVersion = 17.0.31912.275
MinimumVisualStudioVersion = 10.0.40219.1
Project("{9A19103F-16F7-4668-BE54-9A1E7A4F7556}") = "TR.MusicLibrary", "TR.MusicLibrary\TR.MusicLibrary.csproj", "{7509E670-96D9-4F30-A6E1-F28EC4E97EC2}"
EndProject
Project("{FAE04EC0-301F-11D3-BF4B-00C04F79EFBC}") = "TR.MusicLibrary.DTO", "TR.MusicLibrary.DTO\TR.MusicLibrary.DTO.csproj", "{243AF187-BF70-418D-92CC-26812938F078}"
EndProject
Project("{9A19103F-16F7-4668-BE54-9A1E7A4F7556}") = "TR.MusicLibrary.Test", "TR.MusicLibrary.Test\TR.MusicLibrary.Test.csproj", "{D5F232C0-D56E-41EE-8184-D6C17E9F7D75}"
EndProject
Global
	GlobalSection(SolutionConfigurationPlatforms) = preSolution
		Debug|Any CPU = Debug|Any CPU
		Release|Any CPU = Release|Any CPU
	EndGlobalSection
	GlobalSection(ProjectConfigurationPlatforms) = postSolution
		{7509E670-96D9-4F30-A6E1-F28EC4E97EC2}.Debug|Any CPU.ActiveCfg = Debug|Any CPU
		{7509E670-96D9-4F30-A6E1-F28EC4E97EC2}.Debug|Any CPU.Build.0 = Debug|Any CPU
		{7509E670-96D9-4F30-A6E1-F28EC4E97EC2}.Release|Any CPU.ActiveCfg = Release|Any CPU
		{7509E670-96D9-4F30-A6E1-F28EC4E97EC2}.Release|Any CPU.Build.0 = Release|Any CPU
		{243AF187-BF70-418D-92CC-26812938F078}.Debug|Any CPU.ActiveCfg = Debug|Any CPU
		{243AF187-BF70-418D-92CC-26812938F078}.Debug|Any CPU.Build.0 = Debug|Any CPU
		{243AF187-BF70-418D-92CC-26812938F078}.Release|Any CPU.ActiveCfg = Release|Any CPU
		{243AF187-BF70-418D-92CC-26812938F078}.Release|Any CPU.Build.0 = Release|Any CPU
		{D5F232C0-D56E-41EE-8184-D6C17E9F7D75}.Debug|Any CPU.ActiveCfg = Debug|Any CPU
		{D5F232C0-D56E-41EE-8184-D6C17E9F7D75}.Debug|Any CPU.Build.0 = Debug|Any CPU
		{D5F232C0-D56E-41EE-8184-D6C17E9F7D75}.Release|Any CPU.ActiveCfg = Release|Any CPU
		{D5F232C0-D56E-41EE-8184-D6C17E9F7D75}.Release|Any CPU.Build.0 = Release|Any CPU
	EndGlobalSection
	GlobalSection(SolutionProperties) = preSolution
		HideSolutionNode = FALSE
	EndGlobalSection
	GlobalSection(ExtensibilityGlobals) = postSolution
		SolutionGuid = {23DA927A-04FB-4A25-A222-F260EB780670}
	EndGlobalSection
EndGlobal
